
Microsoft Visual Studio Solution File, Format Version 12.00
# Visual Studio Version 17
VisualStudioVersion = 17.5.33530.505
MinimumVisualStudioVersion = 10.0.40219.1
Project("{FAE04EC0-301F-11D3-BF4B-00C04F79EFBC}") = "OOP1", "OOP1.csproj", "{903B13F3-D507-4067-A0AA-18EDB0917FC8}"
EndProject
Global
	GlobalSection(SolutionConfigurationPlatforms) = preSolution
		Debug|Any CPU = Debug|Any CPU
		Release|Any CPU = Release|Any CPU
	EndGlobalSection
	GlobalSection(ProjectConfigurationPlatforms) = postSolution
		{903B13F3-D507-4067-A0AA-18EDB0917FC8}.Debug|Any CPU.ActiveCfg = Debug|Any CPU
		{903B13F3-D507-4067-A0AA-18EDB0917FC8}.Debug|Any CPU.Build.0 = Debug|Any CPU
		{903B13F3-D507-4067-A0AA-18EDB0917FC8}.Release|Any CPU.ActiveCfg = Release|Any CPU
		{903B13F3-D507-4067-A0AA-18EDB0917FC8}.Release|Any CPU.Build.0 = Release|Any CPU
	EndGlobalSection
	GlobalSection(SolutionProperties) = preSolution
		HideSolutionNode = FALSE
	EndGlobalSection
	GlobalSection(ExtensibilityGlobals) = postSolution
		SolutionGuid = {A697A52F-BE7C-4065-B0F3-59390B711431}
	EndGlobalSection
EndGlobal
